
Microsoft Visual Studio Solution File, Format Version 12.00
# Visual Studio Version 16
VisualStudioVersion = 16.0.31005.135
MinimumVisualStudioVersion = 10.0.40219.1
Project("{FAE04EC0-301F-11D3-BF4B-00C04F79EFBC}") = "RedditWPF", "RedditWPF\RedditWPF.csproj", "{EF90F25C-EA49-4430-81D9-6D4CC35B9F1B}"
EndProject
Global
	GlobalSection(SolutionConfigurationPlatforms) = preSolution
		Debug|x86 = Debug|x86
		Release|x86 = Release|x86
	EndGlobalSection
	GlobalSection(ProjectConfigurationPlatforms) = postSolution
		{EF90F25C-EA49-4430-81D9-6D4CC35B9F1B}.Debug|x86.ActiveCfg = Debug|x86
		{EF90F25C-EA49-4430-81D9-6D4CC35B9F1B}.Debug|x86.Build.0 = Debug|x86
		{EF90F25C-EA49-4430-81D9-6D4CC35B9F1B}.Release|x86.ActiveCfg = Release|x86
		{EF90F25C-EA49-4430-81D9-6D4CC35B9F1B}.Release|x86.Build.0 = Release|x86
	EndGlobalSection
	GlobalSection(SolutionProperties) = preSolution
		HideSolutionNode = FALSE
	EndGlobalSection
	GlobalSection(ExtensibilityGlobals) = postSolution
		SolutionGuid = {E2DCC4BB-FD12-469A-AC42-C46520179FCC}
	EndGlobalSection
EndGlobal
